
Microsoft Visual Studio Solution File, Format Version 12.00
# Visual Studio Version 16
VisualStudioVersion = 16.0.31205.134
MinimumVisualStudioVersion = 10.0.40219.1
Project("{FAE04EC0-301F-11D3-BF4B-00C04F79EFBC}") = "Dos valores", "Dos valores\Dos valores.csproj", "{16BFB543-A733-4022-B075-B83EAB42AFB8}"
EndProject
Global
	GlobalSection(SolutionConfigurationPlatforms) = preSolution
		Debug|Any CPU = Debug|Any CPU
		Release|Any CPU = Release|Any CPU
	EndGlobalSection
	GlobalSection(ProjectConfigurationPlatforms) = postSolution
		{16BFB543-A733-4022-B075-B83EAB42AFB8}.Debug|Any CPU.ActiveCfg = Debug|Any CPU
		{16BFB543-A733-4022-B075-B83EAB42AFB8}.Debug|Any CPU.Build.0 = Debug|Any CPU
		{16BFB543-A733-4022-B075-B83EAB42AFB8}.Release|Any CPU.ActiveCfg = Release|Any CPU
		{16BFB543-A733-4022-B075-B83EAB42AFB8}.Release|Any CPU.Build.0 = Release|Any CPU
	EndGlobalSection
	GlobalSection(SolutionProperties) = preSolution
		HideSolutionNode = FALSE
	EndGlobalSection
	GlobalSection(ExtensibilityGlobals) = postSolution
		SolutionGuid = {995F7CAF-6A4B-4817-A19A-ADEA09E4BEB5}
	EndGlobalSection
EndGlobal
