
Microsoft Visual Studio Solution File, Format Version 12.00
# Visual Studio Version 16
VisualStudioVersion = 16.0.31205.134
MinimumVisualStudioVersion = 10.0.40219.1
Project("{FAE04EC0-301F-11D3-BF4B-00C04F79EFBC}") = "Impuestos de un producto", "Impuestos de un producto\Impuestos de un producto.csproj", "{497C6A8B-7CE1-4F6C-95A3-C0977CAB3F89}"
EndProject
Global
	GlobalSection(SolutionConfigurationPlatforms) = preSolution
		Debug|Any CPU = Debug|Any CPU
		Release|Any CPU = Release|Any CPU
	EndGlobalSection
	GlobalSection(ProjectConfigurationPlatforms) = postSolution
		{497C6A8B-7CE1-4F6C-95A3-C0977CAB3F89}.Debug|Any CPU.ActiveCfg = Debug|Any CPU
		{497C6A8B-7CE1-4F6C-95A3-C0977CAB3F89}.Debug|Any CPU.Build.0 = Debug|Any CPU
		{497C6A8B-7CE1-4F6C-95A3-C0977CAB3F89}.Release|Any CPU.ActiveCfg = Release|Any CPU
		{497C6A8B-7CE1-4F6C-95A3-C0977CAB3F89}.Release|Any CPU.Build.0 = Release|Any CPU
	EndGlobalSection
	GlobalSection(SolutionProperties) = preSolution
		HideSolutionNode = FALSE
	EndGlobalSection
	GlobalSection(ExtensibilityGlobals) = postSolution
		SolutionGuid = {02B198F8-898F-4C51-9FDD-A1E176D7CB55}
	EndGlobalSection
EndGlobal
